---
#
#
#
id: alarm-voordeur_autolock
alias: Voordeur Auto Lock
description: >-
  Voordeur dagelijks automatisch op slot.

trigger:
  - platform: time
    at: "00:00:00"

condition:
  - condition: not
    conditions:
      - condition: state
        entity_id: lock.voordeur
        state: "locked"

action:
  - wait_template: "{{ is_state('binary_sensor.voordeur', 'off') }}"
    timeout:
      minutes: 10
    continue_on_timeout: true
  - service: lock.lock
    target:
      entity_id: lock.voordeur
